
Microsoft Visual Studio Solution File, Format Version 12.00
# Visual Studio Version 16
VisualStudioVersion = 16.0.31205.134
MinimumVisualStudioVersion = 10.0.40219.1
Project("{FAE04EC0-301F-11D3-BF4B-00C04F79EFBC}") = "CRC", "CRC8\CRC.csproj", "{4994C757-EA2B-4AE3-A0FE-0ECE282B8BF7}"
EndProject
Project("{FAE04EC0-301F-11D3-BF4B-00C04F79EFBC}") = "TestCRC", "TestCrc8\TestCRC.csproj", "{1B310751-BAAB-4D71-B482-93BBA52CB938}"
EndProject
Global
	GlobalSection(SolutionConfigurationPlatforms) = preSolution
		Debug|Any CPU = Debug|Any CPU
		Release|Any CPU = Release|Any CPU
	EndGlobalSection
	GlobalSection(ProjectConfigurationPlatforms) = postSolution
		{4994C757-EA2B-4AE3-A0FE-0ECE282B8BF7}.Debug|Any CPU.ActiveCfg = Debug|Any CPU
		{4994C757-EA2B-4AE3-A0FE-0ECE282B8BF7}.Debug|Any CPU.Build.0 = Debug|Any CPU
		{4994C757-EA2B-4AE3-A0FE-0ECE282B8BF7}.Release|Any CPU.ActiveCfg = Release|Any CPU
		{4994C757-EA2B-4AE3-A0FE-0ECE282B8BF7}.Release|Any CPU.Build.0 = Release|Any CPU
		{1B310751-BAAB-4D71-B482-93BBA52CB938}.Debug|Any CPU.ActiveCfg = Debug|Any CPU
		{1B310751-BAAB-4D71-B482-93BBA52CB938}.Debug|Any CPU.Build.0 = Debug|Any CPU
		{1B310751-BAAB-4D71-B482-93BBA52CB938}.Release|Any CPU.ActiveCfg = Release|Any CPU
		{1B310751-BAAB-4D71-B482-93BBA52CB938}.Release|Any CPU.Build.0 = Release|Any CPU
	EndGlobalSection
	GlobalSection(SolutionProperties) = preSolution
		HideSolutionNode = FALSE
	EndGlobalSection
	GlobalSection(ExtensibilityGlobals) = postSolution
		SolutionGuid = {5E1BCA97-CAAA-46FA-B233-1709F3728AF5}
	EndGlobalSection
EndGlobal
